PODS:
  - Alamofire (5.6.4)
  - SnapKit (5.6.0)
  - SwiftLint (0.52.2)

DEPENDENCIES:
  - Alamofire (~> 5.6.4)
  - SnapKit (~> 5.6.0)
  - SwiftLint

SPEC REPOS:
  trunk:
    - Alamofire
    - SnapKit
    - SwiftLint

SPEC CHECKSUMS:
  Alamofire: 4e95d97098eacb88856099c4fc79b526a299e48c
  SnapKit: e01d52ebb8ddbc333eefe2132acf85c8227d9c25
  SwiftLint: 1ac76dac888ca05cb0cf24d0c85887ec1209961d

PODFILE CHECKSUM: 1b684a6b1681bafc743d5811d2e2078a1ccf5a14

COCOAPODS: 1.12.0
